
Microsoft Visual Studio Solution File, Format Version 12.00
# Visual Studio Version 17
VisualStudioVersion = 17.1.32414.318
MinimumVisualStudioVersion = 10.0.40219.1
Project("{FAE04EC0-301F-11D3-BF4B-00C04F79EFBC}") = "cgipwsh", "cgipwsh.csproj", "{2DCD196E-9ECE-4780-B200-D5014747A4FF}"
EndProject
Global
	GlobalSection(SolutionConfigurationPlatforms) = preSolution
		Debug|Any CPU = Debug|Any CPU
		Release|Any CPU = Release|Any CPU
	EndGlobalSection
	GlobalSection(ProjectConfigurationPlatforms) = postSolution
		{2DCD196E-9ECE-4780-B200-D5014747A4FF}.Debug|Any CPU.ActiveCfg = Debug|Any CPU
		{2DCD196E-9ECE-4780-B200-D5014747A4FF}.Debug|Any CPU.Build.0 = Debug|Any CPU
		{2DCD196E-9ECE-4780-B200-D5014747A4FF}.Release|Any CPU.ActiveCfg = Release|Any CPU
		{2DCD196E-9ECE-4780-B200-D5014747A4FF}.Release|Any CPU.Build.0 = Release|Any CPU
	EndGlobalSection
	GlobalSection(SolutionProperties) = preSolution
		HideSolutionNode = FALSE
	EndGlobalSection
	GlobalSection(ExtensibilityGlobals) = postSolution
		SolutionGuid = {8DD71FC8-AD6C-4214-8D0C-91E7B0B85BAB}
	EndGlobalSection
EndGlobal
